
Microsoft Visual Studio Solution File, Format Version 12.00
# Visual Studio Version 17
VisualStudioVersion = 17.4.33205.214
MinimumVisualStudioVersion = 10.0.40219.1
Project("{FAE04EC0-301F-11D3-BF4B-00C04F79EFBC}") = "EstudoDividas", "EstudoDividas\EstudoDividas.csproj", "{4A699E1D-64E0-4AF4-94B5-76E645FA73CE}"
EndProject
Global
	GlobalSection(SolutionConfigurationPlatforms) = preSolution
		Debug|Any CPU = Debug|Any CPU
		Release|Any CPU = Release|Any CPU
	EndGlobalSection
	GlobalSection(ProjectConfigurationPlatforms) = postSolution
		{4A699E1D-64E0-4AF4-94B5-76E645FA73CE}.Debug|Any CPU.ActiveCfg = Debug|Any CPU
		{4A699E1D-64E0-4AF4-94B5-76E645FA73CE}.Debug|Any CPU.Build.0 = Debug|Any CPU
		{4A699E1D-64E0-4AF4-94B5-76E645FA73CE}.Release|Any CPU.ActiveCfg = Release|Any CPU
		{4A699E1D-64E0-4AF4-94B5-76E645FA73CE}.Release|Any CPU.Build.0 = Release|Any CPU
	EndGlobalSection
	GlobalSection(SolutionProperties) = preSolution
		HideSolutionNode = FALSE
	EndGlobalSection
	GlobalSection(ExtensibilityGlobals) = postSolution
		SolutionGuid = {7651AFCF-A19A-484F-97E6-094830CF7DA6}
	EndGlobalSection
EndGlobal
